{
  "requires": true,
  "lockfileVersion": 1,
  "dependencies": {
    "@material/animation": {
      "version": "0.34.0",
      "resolved": "https://registry.npmjs.org/@material/animation/-/animation-0.34.0.tgz",
      "integrity": "sha512-HKWU+pHda+xSIV0lwrTMOb/N005NIAV7+tvEEjTiLrQx74eO6J9nIjfCpZ0W4D8Kb9K90lgHFo0ZRC6yDTjizQ=="
    },
    "@material/base": {
      "version": "0.35.0",
      "resolved": "https://registry.npmjs.org/@material/base/-/base-0.35.0.tgz",
      "integrity": "sha512-PYuluVzcH8hxtionVvpTSygTENlgyOHvJ5ka7JfbCRQfXlxjV8zKYwhh9u/1HqA6y1OonG1oGFCaBHopbdsNEQ=="
    },
    "@material/drawer": {
      "version": "0.37.1",
      "resolved": "https://registry.npmjs.org/@material/drawer/-/drawer-0.37.1.tgz",
      "integrity": "sha512-JZSDEbECK/grxnK/G8Mbwd5eETTMLrW9f6NfaId5eNvfWhqKEeVRBpuxscuuuli/z/ciHDb+Okrga6bHCQWEEQ==",
      "requires": {
        "@material/animation": "^0.34.0",
        "@material/base": "^0.35.0",
        "@material/elevation": "^0.36.1",
        "@material/rtl": "^0.36.0",
        "@material/theme": "^0.35.0",
        "@material/typography": "^0.37.1"
      },
      "dependencies": {
        "@material/typography": {
          "version": "0.37.1",
          "resolved": "https://registry.npmjs.org/@material/typography/-/typography-0.37.1.tgz",
          "integrity": "sha512-njbRrUwSte+Ag2ZsQxYCZVXqYphm7Wbe1iFCzljRAZEcZJUuKkz30rx3IK5CrmwoIpLxcE2Y/2WoAj8a2Ear0A=="
        }
      }
    },
    "@material/elevation": {
      "version": "0.36.1",
      "resolved": "https://registry.npmjs.org/@material/elevation/-/elevation-0.36.1.tgz",
      "integrity": "sha512-kh7paJc3jc+6O6Op93j8S/eFqiA9KhSsT/gtQeVbEt2ebGweh4TTc/Smm0D/RPOzifPL1mRMAQY7SgFchlz1AQ==",
      "requires": {
        "@material/animation": "^0.34.0",
        "@material/theme": "^0.35.0"
      }
    },
    "@material/ripple": {
      "version": "0.37.0",
      "resolved": "https://registry.npmjs.org/@material/ripple/-/ripple-0.37.0.tgz",
      "integrity": "sha512-ybK8w1UlzUn6UJLoCqM3steG9q4exVkR6kZdywy2dE+ddGLe0VRQ/TcJYSfZTIQ0sMyfu8io72iscVWY9dDWdg==",
      "requires": {
        "@material/animation": "^0.34.0",
        "@material/base": "^0.35.0",
        "@material/theme": "^0.35.0"
      }
    },
    "@material/rtl": {
      "version": "0.36.0",
      "resolved": "https://registry.npmjs.org/@material/rtl/-/rtl-0.36.0.tgz",
      "integrity": "sha512-uCMwWGdKG0ooYh1kVINz7vTgSY++9wnvU3kOqjRdfOY+PZHWSa/X/EqRdE9Q1pUFwYlQeU2PXE/Z2dTK/nlziw=="
    },
    "@material/theme": {
      "version": "0.35.0",
      "resolved": "https://registry.npmjs.org/@material/theme/-/theme-0.35.0.tgz",
      "integrity": "sha512-jTjRDPKlWVCNnSs4RRe/eq9+F5lFBzxfbuI7klgCR6jTXRMB93jKKKO7k6chgo9l0oObhLh81ao6sq/eV0WFIw=="
    },
    "@material/top-app-bar": {
      "version": "0.37.0",
      "resolved": "https://registry.npmjs.org/@material/top-app-bar/-/top-app-bar-0.37.0.tgz",
      "integrity": "sha512-6SZGJyhdxJSs1Mb1peX2mrtK14f2jQzQLazfPc1KkjTZfSYnaRno3i3/HyZvUb5FKOXCRjlxrhejAk9f8dqItw==",
      "requires": {
        "@material/animation": "^0.34.0",
        "@material/base": "^0.35.0",
        "@material/elevation": "^0.36.1",
        "@material/ripple": "^0.37.0",
        "@material/rtl": "^0.36.0",
        "@material/theme": "^0.35.0",
        "@material/typography": "^0.35.0"
      }
    },
    "@material/typography": {
      "version": "0.35.0",
      "resolved": "https://registry.npmjs.org/@material/typography/-/typography-0.35.0.tgz",
      "integrity": "sha512-7uXybSQToQCgB19RT0Pq47NkXSSojpbccVAObw/7fmfNUTcr3elNc8iPS/f1slYDTDEdyqM7hCreLcfZQK8ATQ=="
    }
  }
}
